// !$*UTF8*$!
{
	archiveVersion = 1;
	classes = {
	};
	objectVersion = 56;
	objects = {

/* Begin PBXBuildFile section */
		9068FCD2292138DF00AFB742 /* CxxToSwiftInteroperabilityApp.swift in Sources */ = {isa = PBXBuildFile; fileRef = 9068FCD1292138DF00AFB742 /* CxxToSwiftInteroperabilityApp.swift */; };
		9068FCD4292138DF00AFB742 /* ContentView.swift in Sources */ = {isa = PBXBuildFile; fileRef = 9068FCD3292138DF00AFB742 /* ContentView.swift */; };
		9068FCD6292138E100AFB742 /* Assets.xcassets in Resources */ = {isa = PBXBuildFile; fileRef = 9068FCD5292138E100AFB742 /* Assets.xcassets */; };
		9068FCDA292138E100AFB742 /* Preview Assets.xcassets in Resources */ = {isa = PBXBuildFile; fileRef = 9068FCD9292138E100AFB742 /* Preview Assets.xcassets */; };
		9068FCEB2921395400AFB742 /* CxxExample.cpp in Sources */ = {isa = PBXBuildFile; fileRef = 9068FCE92921395400AFB742 /* CxxExample.cpp */; };
		9068FCEC2921395400AFB742 /* CxxExample.hpp in Headers */ = {isa = PBXBuildFile; fileRef = 9068FCEA2921395400AFB742 /* CxxExample.hpp */; settings = {ATTRIBUTES = (Public, ); }; };
		9068FCF029213C5B00AFB742 /* CxxExample.hpp in Sources */ = {isa = PBXBuildFile; fileRef = 9068FCEA2921395400AFB742 /* CxxExample.hpp */; };
		9068FCF129213C6200AFB742 /* CxxExample.cpp in Sources */ = {isa = PBXBuildFile; fileRef = 9068FCE92921395400AFB742 /* CxxExample.cpp */; };
/* End PBXBuildFile section */

/* Begin PBXFileReference section */
		9068FCCE292138DF00AFB742 /* CxxToSwiftInteroperability.app */ = {isa = PBXFileReference; explicitFileType = wrapper.application; includeInIndex = 0; path = CxxToSwiftInteroperability.app; sourceTree = BUILT_PRODUCTS_DIR; };
		9068FCD1292138DF00AFB742 /* CxxToSwiftInteroperabilityApp.swift */ = {isa = PBXFileReference; lastKnownFileType = sourcecode.swift; path = CxxToSwiftInteroperabilityApp.swift; sourceTree = "<group>"; };
		9068FCD3292138DF00AFB742 /* ContentView.swift */ = {isa = PBXFileReference; lastKnownFileType = sourcecode.swift; path = ContentView.swift; sourceTree = "<group>"; };
		9068FCD5292138E100AFB742 /* Assets.xcassets */ = {isa = PBXFileReference; lastKnownFileType = folder.assetcatalog; path = Assets.xcassets; sourceTree = "<group>"; };
		9068FCD7292138E100AFB742 /* CxxToSwiftInteroperability.entitlements */ = {isa = PBXFileReference; lastKnownFileType = text.plist.entitlements; path = CxxToSwiftInteroperability.entitlements; sourceTree = "<group>"; };
		9068FCD9292138E100AFB742 /* Preview Assets.xcassets */ = {isa = PBXFileReference; lastKnownFileType = folder.assetcatalog; path = "Preview Assets.xcassets"; sourceTree = "<group>"; };
		9068FCE42921393500AFB742 /* libCxxExample.dylib */ = {isa = PBXFileReference; explicitFileType = "compiled.mach-o.dylib"; includeInIndex = 0; path = libCxxExample.dylib; sourceTree = BUILT_PRODUCTS_DIR; };
		9068FCE92921395400AFB742 /* CxxExample.cpp */ = {isa = PBXFileReference; lastKnownFileType = sourcecode.cpp.cpp; path = CxxExample.cpp; sourceTree = "<group>"; };
		9068FCEA2921395400AFB742 /* CxxExample.hpp */ = {isa = PBXFileReference; lastKnownFileType = sourcecode.cpp.h; path = CxxExample.hpp; sourceTree = "<group>"; };
		9068FCED2921397D00AFB742 /* module.modulemap */ = {isa = PBXFileReference; lastKnownFileType = "sourcecode.module-map"; path = module.modulemap; sourceTree = "<group>"; };
/* End PBXFileReference section */

/* Begin PBXFrameworksBuildPhase section */
		9068FCCB292138DF00AFB742 /* Frameworks */ = {
			isa = PBXFrameworksBuildPhase;
			buildActionMask = 2147483647;
			files = (
			);
			runOnlyForDeploymentPostprocessing = 0;
		};
		9068FCE22921393500AFB742 /* Frameworks */ = {
			isa = PBXFrameworksBuildPhase;
			buildActionMask = 2147483647;
			files = (
			);
			runOnlyForDeploymentPostprocessing = 0;
		};
/* End PBXFrameworksBuildPhase section */

/* Begin PBXGroup section */
		9068FCC5292138DF00AFB742 = {
			isa = PBXGroup;
			children = (
				9068FCE82921393E00AFB742 /* CxxExample */,
				9068FCD0292138DF00AFB742 /* CxxToSwiftInteroperability */,
				9068FCCF292138DF00AFB742 /* Products */,
			);
			sourceTree = "<group>";
		};
		9068FCCF292138DF00AFB742 /* Products */ = {
			isa = PBXGroup;
			children = (
				9068FCCE292138DF00AFB742 /* CxxToSwiftInteroperability.app */,
				9068FCE42921393500AFB742 /* libCxxExample.dylib */,
			);
			name = Products;
			sourceTree = "<group>";
		};
		9068FCD0292138DF00AFB742 /* CxxToSwiftInteroperability */ = {
			isa = PBXGroup;
			children = (
				9068FCD1292138DF00AFB742 /* CxxToSwiftInteroperabilityApp.swift */,
				9068FCD3292138DF00AFB742 /* ContentView.swift */,
				9068FCD5292138E100AFB742 /* Assets.xcassets */,
				9068FCD7292138E100AFB742 /* CxxToSwiftInteroperability.entitlements */,
				9068FCD8292138E100AFB742 /* Preview Content */,
			);
			path = CxxToSwiftInteroperability;
			sourceTree = "<group>";
		};
		9068FCD8292138E100AFB742 /* Preview Content */ = {
			isa = PBXGroup;
			children = (
				9068FCD9292138E100AFB742 /* Preview Assets.xcassets */,
			);
			path = "Preview Content";
			sourceTree = "<group>";
		};
		9068FCE82921393E00AFB742 /* CxxExample */ = {
			isa = PBXGroup;
			children = (
				9068FCE92921395400AFB742 /* CxxExample.cpp */,
				9068FCEA2921395400AFB742 /* CxxExample.hpp */,
				9068FCED2921397D00AFB742 /* module.modulemap */,
			);
			path = CxxExample;
			sourceTree = "<group>";
		};
/* End PBXGroup section */

/* Begin PBXHeadersBuildPhase section */
		9068FCE02921393500AFB742 /* Headers */ = {
			isa = PBXHeadersBuildPhase;
			buildActionMask = 2147483647;
			files = (
				9068FCEC2921395400AFB742 /* CxxExample.hpp in Headers */,
			);
			runOnlyForDeploymentPostprocessing = 0;
		};
/* End PBXHeadersBuildPhase section */

/* Begin PBXNativeTarget section */
		9068FCCD292138DF00AFB742 /* CxxToSwiftInteroperability */ = {
			isa = PBXNativeTarget;
			buildConfigurationList = 9068FCDD292138E100AFB742 /* Build configuration list for PBXNativeTarget "CxxToSwiftInteroperability" */;
			buildPhases = (
				9068FCCA292138DF00AFB742 /* Sources */,
				9068FCCB292138DF00AFB742 /* Frameworks */,
				9068FCCC292138DF00AFB742 /* Resources */,
			);
			buildRules = (
			);
			dependencies = (
			);
			name = CxxToSwiftInteroperability;
			productName = CxxToSwiftInteroperability;
			productReference = 9068FCCE292138DF00AFB742 /* CxxToSwiftInteroperability.app */;
			productType = "com.apple.product-type.application";
		};
		9068FCE32921393500AFB742 /* CxxExample */ = {
			isa = PBXNativeTarget;
			buildConfigurationList = 9068FCE52921393500AFB742 /* Build configuration list for PBXNativeTarget "CxxExample" */;
			buildPhases = (
				9068FCE02921393500AFB742 /* Headers */,
				9068FCE12921393500AFB742 /* Sources */,
				9068FCE22921393500AFB742 /* Frameworks */,
			);
			buildRules = (
			);
			dependencies = (
			);
			name = CxxExample;
			productName = CxxExample;
			productReference = 9068FCE42921393500AFB742 /* libCxxExample.dylib */;
			productType = "com.apple.product-type.library.dynamic";
		};
/* End PBXNativeTarget section */

/* Begin PBXProject section */
		9068FCC6292138DF00AFB742 /* Project object */ = {
			isa = PBXProject;
			attributes = {
				BuildIndependentTargetsInParallel = 1;
				LastSwiftUpdateCheck = 1400;
				LastUpgradeCheck = 1400;
				TargetAttributes = {
					9068FCCD292138DF00AFB742 = {
						CreatedOnToolsVersion = 14.0;
					};
					9068FCE32921393500AFB742 = {
						CreatedOnToolsVersion = 14.0;
					};
				};
			};
			buildConfigurationList = 9068FCC9292138DF00AFB742 /* Build configuration list for PBXProject "CxxToSwiftInteroperability" */;
			compatibilityVersion = "Xcode 14.0";
			developmentRegion = en;
			hasScannedForEncodings = 0;
			knownRegions = (
				en,
				Base,
			);
			mainGroup = 9068FCC5292138DF00AFB742;
			productRefGroup = 9068FCCF292138DF00AFB742 /* Products */;
			projectDirPath = "";
			projectRoot = "";
			targets = (
				9068FCCD292138DF00AFB742 /* CxxToSwiftInteroperability */,
				9068FCE32921393500AFB742 /* CxxExample */,
			);
		};
/* End PBXProject section */

/* Begin PBXResourcesBuildPhase section */
		9068FCCC292138DF00AFB742 /* Resources */ = {
			isa = PBXResourcesBuildPhase;
			buildActionMask = 2147483647;
			files = (
				9068FCDA292138E100AFB742 /* Preview Assets.xcassets in Resources */,
				9068FCD6292138E100AFB742 /* Assets.xcassets in Resources */,
			);
			runOnlyForDeploymentPostprocessing = 0;
		};
/* End PBXResourcesBuildPhase section */

/* Begin PBXSourcesBuildPhase section */
		9068FCCA292138DF00AFB742 /* Sources */ = {
			isa = PBXSourcesBuildPhase;
			buildActionMask = 2147483647;
			files = (
				9068FCF129213C6200AFB742 /* CxxExample.cpp in Sources */,
				9068FCF029213C5B00AFB742 /* CxxExample.hpp in Sources */,
				9068FCD4292138DF00AFB742 /* ContentView.swift in Sources */,
				9068FCD2292138DF00AFB742 /* CxxToSwiftInteroperabilityApp.swift in Sources */,
			);
			runOnlyForDeploymentPostprocessing = 0;
		};
		9068FCE12921393500AFB742 /* Sources */ = {
			isa = PBXSourcesBuildPhase;
			buildActionMask = 2147483647;
			files = (
				9068FCEB2921395400AFB742 /* CxxExample.cpp in Sources */,
			);
			runOnlyForDeploymentPostprocessing = 0;
		};
/* End PBXSourcesBuildPhase section */

/* Begin XCBuildConfiguration section */
		9068FCDB292138E100AFB742 /* Debug */ = {
			isa = XCBuildConfiguration;
			buildSettings = {
				ALWAYS_SEARCH_USER_PATHS = NO;
				CLANG_ANALYZER_NONNULL = YES;
				CLANG_ANALYZER_NUMBER_OBJECT_CONVERSION = YES_AGGRESSIVE;
				CLANG_CXX_LANGUAGE_STANDARD = "gnu++20";
				CLANG_ENABLE_MODULES = YES;
				CLANG_ENABLE_OBJC_ARC = YES;
				CLANG_ENABLE_OBJC_WEAK = YES;
				CLANG_WARN_BLOCK_CAPTURE_AUTORELEASING = YES;
				CLANG_WARN_BOOL_CONVERSION = YES;
				CLANG_WARN_COMMA = YES;
				CLANG_WARN_CONSTANT_CONVERSION = YES;
				CLANG_WARN_DEPRECATED_OBJC_IMPLEMENTATIONS = YES;
				CLANG_WARN_DIRECT_OBJC_ISA_USAGE = YES_ERROR;
				CLANG_WARN_DOCUMENTATION_COMMENTS = YES;
				CLANG_WARN_EMPTY_BODY = YES;
				CLANG_WARN_ENUM_CONVERSION = YES;
				CLANG_WARN_INFINITE_RECURSION = YES;
				CLANG_WARN_INT_CONVERSION = YES;
				CLANG_WARN_NON_LITERAL_NULL_CONVERSION = YES;
				CLANG_WARN_OBJC_IMPLICIT_RETAIN_SELF = YES;
				CLANG_WARN_OBJC_LITERAL_CONVERSION = YES;
				CLANG_WARN_OBJC_ROOT_CLASS = YES_ERROR;
				CLANG_WARN_QUOTED_INCLUDE_IN_FRAMEWORK_HEADER = YES;
				CLANG_WARN_RANGE_LOOP_ANALYSIS = YES;
				CLANG_WARN_STRICT_PROTOTYPES = YES;
				CLANG_WARN_SUSPICIOUS_MOVE = YES;
				CLANG_WARN_UNGUARDED_AVAILABILITY = YES_AGGRESSIVE;
				CLANG_WARN_UNREACHABLE_CODE = YES;
				CLANG_WARN__DUPLICATE_METHOD_MATCH = YES;
				COPY_PHASE_STRIP = NO;
				DEBUG_INFORMATION_FORMAT = dwarf;
				ENABLE_STRICT_OBJC_MSGSEND = YES;
				ENABLE_TESTABILITY = YES;
				GCC_C_LANGUAGE_STANDARD = gnu11;
				GCC_DYNAMIC_NO_PIC = NO;
				GCC_NO_COMMON_BLOCKS = YES;
				GCC_OPTIMIZATION_LEVEL = 0;
				GCC_PREPROCESSOR_DEFINITIONS = (
					"DEBUG=1",
					"$(inherited)",
				);
				GCC_WARN_64_TO_32_BIT_CONVERSION = YES;
				GCC_WARN_ABOUT_RETURN_TYPE = YES_ERROR;
				GCC_WARN_UNDECLARED_SELECTOR = YES;
				GCC_WARN_UNINITIALIZED_AUTOS = YES_AGGRESSIVE;
				GCC_WARN_UNUSED_FUNCTION = YES;
				GCC_WARN_UNUSED_VARIABLE = YES;
				MTL_ENABLE_DEBUG_INFO = INCLUDE_SOURCE;
				MTL_FAST_MATH = YES;
				ONLY_ACTIVE_ARCH = YES;
				SWIFT_ACTIVE_COMPILATION_CONDITIONS = DEBUG;
				SWIFT_OPTIMIZATION_LEVEL = "-Onone";
			};
			name = Debug;
		};
		9068FCDC292138E100AFB742 /* Release */ = {
			isa = XCBuildConfiguration;
			buildSettings = {
				ALWAYS_SEARCH_USER_PATHS = NO;
				CLANG_ANALYZER_NONNULL = YES;
				CLANG_ANALYZER_NUMBER_OBJECT_CONVERSION = YES_AGGRESSIVE;
				CLANG_CXX_LANGUAGE_STANDARD = "gnu++20";
				CLANG_ENABLE_MODULES = YES;
				CLANG_ENABLE_OBJC_ARC = YES;
				CLANG_ENABLE_OBJC_WEAK = YES;
				CLANG_WARN_BLOCK_CAPTURE_AUTORELEASING = YES;
				CLANG_WARN_BOOL_CONVERSION = YES;
				CLANG_WARN_COMMA = YES;
				CLANG_WARN_CONSTANT_CONVERSION = YES;
				CLANG_WARN_DEPRECATED_OBJC_IMPLEMENTATIONS = YES;
				CLANG_WARN_DIRECT_OBJC_ISA_USAGE = YES_ERROR;
				CLANG_WARN_DOCUMENTATION_COMMENTS = YES;
				CLANG_WARN_EMPTY_BODY = YES;
				CLANG_WARN_ENUM_CONVERSION = YES;
				CLANG_WARN_INFINITE_RECURSION = YES;
				CLANG_WARN_INT_CONVERSION = YES;
				CLANG_WARN_NON_LITERAL_NULL_CONVERSION = YES;
				CLANG_WARN_OBJC_IMPLICIT_RETAIN_SELF = YES;
				CLANG_WARN_OBJC_LITERAL_CONVERSION = YES;
				CLANG_WARN_OBJC_ROOT_CLASS = YES_ERROR;
				CLANG_WARN_QUOTED_INCLUDE_IN_FRAMEWORK_HEADER = YES;
				CLANG_WARN_RANGE_LOOP_ANALYSIS = YES;
				CLANG_WARN_STRICT_PROTOTYPES = YES;
				CLANG_WARN_SUSPICIOUS_MOVE = YES;
				CLANG_WARN_UNGUARDED_AVAILABILITY = YES_AGGRESSIVE;
				CLANG_WARN_UNREACHABLE_CODE = YES;
				CLANG_WARN__DUPLICATE_METHOD_MATCH = YES;
				COPY_PHASE_STRIP = NO;
				DEBUG_INFORMATION_FORMAT = "dwarf-with-dsym";
				ENABLE_NS_ASSERTIONS = NO;
				ENABLE_STRICT_OBJC_MSGSEND = YES;
				GCC_C_LANGUAGE_STANDARD = gnu11;
				GCC_NO_COMMON_BLOCKS = YES;
				GCC_WARN_64_TO_32_BIT_CONVERSION = YES;
				GCC_WARN_ABOUT_RETURN_TYPE = YES_ERROR;
				GCC_WARN_UNDECLARED_SELECTOR = YES;
				GCC_WARN_UNINITIALIZED_AUTOS = YES_AGGRESSIVE;
				GCC_WARN_UNUSED_FUNCTION = YES;
				GCC_WARN_UNUSED_VARIABLE = YES;
				MTL_ENABLE_DEBUG_INFO = NO;
				MTL_FAST_MATH = YES;
				SWIFT_COMPILATION_MODE = wholemodule;
				SWIFT_OPTIMIZATION_LEVEL = "-O";
			};
			name = Release;
		};
		9068FCDE292138E100AFB742 /* Debug */ = {
			isa = XCBuildConfiguration;
			buildSettings = {
				ASSETCATALOG_COMPILER_APPICON_NAME = AppIcon;
				ASSETCATALOG_COMPILER_GLOBAL_ACCENT_COLOR_NAME = AccentColor;
				CODE_SIGN_ENTITLEMENTS = CxxToSwiftInteroperability/CxxToSwiftInteroperability.entitlements;
				CODE_SIGN_STYLE = Automatic;
				CURRENT_PROJECT_VERSION = 1;
				DEVELOPMENT_ASSET_PATHS = "\"CxxToSwiftInteroperability/Preview Content\"";
				DEVELOPMENT_TEAM = 784PVL6CY6;
				ENABLE_HARDENED_RUNTIME = YES;
				ENABLE_PREVIEWS = YES;
				GENERATE_INFOPLIST_FILE = YES;
				"INFOPLIST_KEY_UIApplicationSceneManifest_Generation[sdk=iphoneos*]" = YES;
				"INFOPLIST_KEY_UIApplicationSceneManifest_Generation[sdk=iphonesimulator*]" = YES;
				"INFOPLIST_KEY_UIApplicationSupportsIndirectInputEvents[sdk=iphoneos*]" = YES;
				"INFOPLIST_KEY_UIApplicationSupportsIndirectInputEvents[sdk=iphonesimulator*]" = YES;
				"INFOPLIST_KEY_UILaunchScreen_Generation[sdk=iphoneos*]" = YES;
				"INFOPLIST_KEY_UILaunchScreen_Generation[sdk=iphonesimulator*]" = YES;
				"INFOPLIST_KEY_UIStatusBarStyle[sdk=iphoneos*]" = UIStatusBarStyleDefault;
				"INFOPLIST_KEY_UIStatusBarStyle[sdk=iphonesimulator*]" = UIStatusBarStyleDefault;
				INFOPLIST_KEY_UISupportedInterfaceOrientations_iPad = "UIInterfaceOrientationPortrait UIInterfaceOrientationPortraitUpsideDown UIInterfaceOrientationLandscapeLeft UIInterfaceOrientationLandscapeRight";
				INFOPLIST_KEY_UISupportedInterfaceOrientations_iPhone = "UIInterfaceOrientationPortrait UIInterfaceOrientationLandscapeLeft UIInterfaceOrientationLandscapeRight";
				IPHONEOS_DEPLOYMENT_TARGET = 16.0;
				LD_RUNPATH_SEARCH_PATHS = "@executable_path/Frameworks";
				"LD_RUNPATH_SEARCH_PATHS[sdk=macosx*]" = "@executable_path/../Frameworks";
				MACOSX_DEPLOYMENT_TARGET = 12.3;
				MARKETING_VERSION = 1.0;
				OTHER_SWIFT_FLAGS = "-enable-experimental-cxx-interop -I./CxxExample";
				PRODUCT_BUNDLE_IDENTIFIER = com.michalcichon.CxxToSwiftInteroperability;
				PRODUCT_NAME = "$(TARGET_NAME)";
				SDKROOT = auto;
				SUPPORTED_PLATFORMS = "iphoneos iphonesimulator macosx";
				SWIFT_EMIT_LOC_STRINGS = YES;
				SWIFT_INCLUDE_PATHS = "-I./CxxExample";
				SWIFT_VERSION = 5.0;
				TARGETED_DEVICE_FAMILY = "1,2";
			};
			name = Debug;
		};
		9068FCDF292138E100AFB742 /* Release */ = {
			isa = XCBuildConfiguration;
			buildSettings = {
				ASSETCATALOG_COMPILER_APPICON_NAME = AppIcon;
				ASSETCATALOG_COMPILER_GLOBAL_ACCENT_COLOR_NAME = AccentColor;
				CODE_SIGN_ENTITLEMENTS = CxxToSwiftInteroperability/CxxToSwiftInteroperability.entitlements;
				CODE_SIGN_STYLE = Automatic;
				CURRENT_PROJECT_VERSION = 1;
				DEVELOPMENT_ASSET_PATHS = "\"CxxToSwiftInteroperability/Preview Content\"";
				DEVELOPMENT_TEAM = 784PVL6CY6;
				ENABLE_HARDENED_RUNTIME = YES;
				ENABLE_PREVIEWS = YES;
				GENERATE_INFOPLIST_FILE = YES;
				"INFOPLIST_KEY_UIApplicationSceneManifest_Generation[sdk=iphoneos*]" = YES;
				"INFOPLIST_KEY_UIApplicationSceneManifest_Generation[sdk=iphonesimulator*]" = YES;
				"INFOPLIST_KEY_UIApplicationSupportsIndirectInputEvents[sdk=iphoneos*]" = YES;
				"INFOPLIST_KEY_UIApplicationSupportsIndirectInputEvents[sdk=iphonesimulator*]" = YES;
				"INFOPLIST_KEY_UILaunchScreen_Generation[sdk=iphoneos*]" = YES;
				"INFOPLIST_KEY_UILaunchScreen_Generation[sdk=iphonesimulator*]" = YES;
				"INFOPLIST_KEY_UIStatusBarStyle[sdk=iphoneos*]" = UIStatusBarStyleDefault;
				"INFOPLIST_KEY_UIStatusBarStyle[sdk=iphonesimulator*]" = UIStatusBarStyleDefault;
				INFOPLIST_KEY_UISupportedInterfaceOrientations_iPad = "UIInterfaceOrientationPortrait UIInterfaceOrientationPortraitUpsideDown UIInterfaceOrientationLandscapeLeft UIInterfaceOrientationLandscapeRight";
				INFOPLIST_KEY_UISupportedInterfaceOrientations_iPhone = "UIInterfaceOrientationPortrait UIInterfaceOrientationLandscapeLeft UIInterfaceOrientationLandscapeRight";
				IPHONEOS_DEPLOYMENT_TARGET = 16.0;
				LD_RUNPATH_SEARCH_PATHS = "@executable_path/Frameworks";
				"LD_RUNPATH_SEARCH_PATHS[sdk=macosx*]" = "@executable_path/../Frameworks";
				MACOSX_DEPLOYMENT_TARGET = 12.3;
				MARKETING_VERSION = 1.0;
				OTHER_SWIFT_FLAGS = "-enable-experimental-cxx-interop -I./CxxExample";
				PRODUCT_BUNDLE_IDENTIFIER = com.michalcichon.CxxToSwiftInteroperability;
				PRODUCT_NAME = "$(TARGET_NAME)";
				SDKROOT = auto;
				SUPPORTED_PLATFORMS = "iphoneos iphonesimulator macosx";
				SWIFT_EMIT_LOC_STRINGS = YES;
				SWIFT_INCLUDE_PATHS = "-I./CxxExample";
				SWIFT_VERSION = 5.0;
				TARGETED_DEVICE_FAMILY = "1,2";
			};
			name = Release;
		};
		9068FCE62921393500AFB742 /* Debug */ = {
			isa = XCBuildConfiguration;
			buildSettings = {
				CODE_SIGN_STYLE = Automatic;
				DEVELOPMENT_TEAM = 784PVL6CY6;
				DYLIB_COMPATIBILITY_VERSION = 1;
				DYLIB_CURRENT_VERSION = 1;
				EXECUTABLE_PREFIX = lib;
				MACOSX_DEPLOYMENT_TARGET = 12.3;
				PRODUCT_NAME = "$(TARGET_NAME)";
				SDKROOT = macosx;
				SKIP_INSTALL = YES;
			};
			name = Debug;
		};
		9068FCE72921393500AFB742 /* Release */ = {
			isa = XCBuildConfiguration;
			buildSettings = {
				CODE_SIGN_STYLE = Automatic;
				DEVELOPMENT_TEAM = 784PVL6CY6;
				DYLIB_COMPATIBILITY_VERSION = 1;
				DYLIB_CURRENT_VERSION = 1;
				EXECUTABLE_PREFIX = lib;
				MACOSX_DEPLOYMENT_TARGET = 12.3;
				PRODUCT_NAME = "$(TARGET_NAME)";
				SDKROOT = macosx;
				SKIP_INSTALL = YES;
			};
			name = Release;
		};
/* End XCBuildConfiguration section */

/* Begin XCConfigurationList section */
		9068FCC9292138DF00AFB742 /* Build configuration list for PBXProject "CxxToSwiftInteroperability" */ = {
			isa = XCConfigurationList;
			buildConfigurations = (
				9068FCDB292138E100AFB742 /* Debug */,
				9068FCDC292138E100AFB742 /* Release */,
			);
			defaultConfigurationIsVisible = 0;
			defaultConfigurationName = Release;
		};
		9068FCDD292138E100AFB742 /* Build configuration list for PBXNativeTarget "CxxToSwiftInteroperability" */ = {
			isa = XCConfigurationList;
			buildConfigurations = (
				9068FCDE292138E100AFB742 /* Debug */,
				9068FCDF292138E100AFB742 /* Release */,
			);
			defaultConfigurationIsVisible = 0;
			defaultConfigurationName = Release;
		};
		9068FCE52921393500AFB742 /* Build configuration list for PBXNativeTarget "CxxExample" */ = {
			isa = XCConfigurationList;
			buildConfigurations = (
				9068FCE62921393500AFB742 /* Debug */,
				9068FCE72921393500AFB742 /* Release */,
			);
			defaultConfigurationIsVisible = 0;
			defaultConfigurationName = Release;
		};
/* End XCConfigurationList section */
	};
	rootObject = 9068FCC6292138DF00AFB742 /* Project object */;
}
